
Microsoft Visual Studio Solution File, Format Version 12.00
Project("{FAE04EC0-301F-11D3-BF4B-00C04F79EFBC}") = "Model", "Model\Model.csproj", "{4F8C4C76-4CAE-47DD-BEE6-56ED12EDAC5B}"
EndProject
Project("{FAE04EC0-301F-11D3-BF4B-00C04F79EFBC}") = "Domain", "Domain\Domain.csproj", "{0666F0FC-2734-44D4-A25E-3A356DE0FDAB}"
EndProject
Project("{FAE04EC0-301F-11D3-BF4B-00C04F79EFBC}") = "Controller", "Controller\Controller.csproj", "{E24C95F0-B14E-49FC-8510-461BDAAEC170}"
EndProject
Global
	GlobalSection(SolutionConfigurationPlatforms) = preSolution
		Debug|Any CPU = Debug|Any CPU
		Release|Any CPU = Release|Any CPU
	EndGlobalSection
	GlobalSection(ProjectConfigurationPlatforms) = postSolution
		{4F8C4C76-4CAE-47DD-BEE6-56ED12EDAC5B}.Debug|Any CPU.ActiveCfg = Debug|Any CPU
		{4F8C4C76-4CAE-47DD-BEE6-56ED12EDAC5B}.Debug|Any CPU.Build.0 = Debug|Any CPU
		{4F8C4C76-4CAE-47DD-BEE6-56ED12EDAC5B}.Release|Any CPU.ActiveCfg = Release|Any CPU
		{4F8C4C76-4CAE-47DD-BEE6-56ED12EDAC5B}.Release|Any CPU.Build.0 = Release|Any CPU
		{0666F0FC-2734-44D4-A25E-3A356DE0FDAB}.Debug|Any CPU.ActiveCfg = Debug|Any CPU
		{0666F0FC-2734-44D4-A25E-3A356DE0FDAB}.Debug|Any CPU.Build.0 = Debug|Any CPU
		{0666F0FC-2734-44D4-A25E-3A356DE0FDAB}.Release|Any CPU.ActiveCfg = Release|Any CPU
		{0666F0FC-2734-44D4-A25E-3A356DE0FDAB}.Release|Any CPU.Build.0 = Release|Any CPU
		{E24C95F0-B14E-49FC-8510-461BDAAEC170}.Debug|Any CPU.ActiveCfg = Debug|Any CPU
		{E24C95F0-B14E-49FC-8510-461BDAAEC170}.Debug|Any CPU.Build.0 = Debug|Any CPU
		{E24C95F0-B14E-49FC-8510-461BDAAEC170}.Release|Any CPU.ActiveCfg = Release|Any CPU
		{E24C95F0-B14E-49FC-8510-461BDAAEC170}.Release|Any CPU.Build.0 = Release|Any CPU
	EndGlobalSection
EndGlobal
